
Microsoft Visual Studio Solution File, Format Version 12.00
# Visual Studio 2012
Project("{FAE04EC0-301F-11D3-BF4B-00C04F79EFBC}") = "Match3", "Match3\Match3.csproj", "{B15B5485-5A06-46C5-AB60-7A8E6ACC6FF5}"
EndProject
Global
	GlobalSection(SolutionConfigurationPlatforms) = preSolution
		Debug|x86 = Debug|x86
		Release|x86 = Release|x86
	EndGlobalSection
	GlobalSection(ProjectConfigurationPlatforms) = postSolution
		{B15B5485-5A06-46C5-AB60-7A8E6ACC6FF5}.Debug|x86.ActiveCfg = Debug|x86
		{B15B5485-5A06-46C5-AB60-7A8E6ACC6FF5}.Debug|x86.Build.0 = Debug|x86
		{B15B5485-5A06-46C5-AB60-7A8E6ACC6FF5}.Release|x86.ActiveCfg = Release|x86
		{B15B5485-5A06-46C5-AB60-7A8E6ACC6FF5}.Release|x86.Build.0 = Release|x86
	EndGlobalSection
EndGlobal
